// !$*UTF8*$!
{
	archiveVersion = 1;
	classes = {
	};
	objectVersion = 50;
	objects = {

/* Begin PBXBuildFile section */
		D1C46B2C24C6D5FB007519D9 /* AppDelegate.swift in Sources */ = {isa = PBXBuildFile; fileRef = D1C46B2B24C6D5FB007519D9 /* AppDelegate.swift */; };
		D1C46B2E24C6D5FB007519D9 /* SceneDelegate.swift in Sources */ = {isa = PBXBuildFile; fileRef = D1C46B2D24C6D5FB007519D9 /* SceneDelegate.swift */; };
		D1C46B3024C6D5FB007519D9 /* ViewController.swift in Sources */ = {isa = PBXBuildFile; fileRef = D1C46B2F24C6D5FB007519D9 /* ViewController.swift */; };
		D1C46B3324C6D5FB007519D9 /* Main.storyboard in Resources */ = {isa = PBXBuildFile; fileRef = D1C46B3124C6D5FB007519D9 /* Main.storyboard */; };
		D1C46B3524C6D5FE007519D9 /* Assets.xcassets in Resources */ = {isa = PBXBuildFile; fileRef = D1C46B3424C6D5FE007519D9 /* Assets.xcassets */; };
		D1C46B3824C6D5FE007519D9 /* LaunchScreen.storyboard in Resources */ = {isa = PBXBuildFile; fileRef = D1C46B3624C6D5FE007519D9 /* LaunchScreen.storyboard */; };
		D1C46B4224C6EF32007519D9 /* Constants.swift in Sources */ = {isa = PBXBuildFile; fileRef = D1C46B4124C6EF32007519D9 /* Constants.swift */; };
		D1C46B4424C7203B007519D9 /* Video.swift in Sources */ = {isa = PBXBuildFile; fileRef = D1C46B4324C7203B007519D9 /* Video.swift */; };
		D1C46B4624C720AF007519D9 /* Model.swift in Sources */ = {isa = PBXBuildFile; fileRef = D1C46B4524C720AF007519D9 /* Model.swift */; };
/* End PBXBuildFile section */

/* Begin PBXFileReference section */
		D1C46B2824C6D5FB007519D9 /* youtube-app.app */ = {isa = PBXFileReference; explicitFileType = wrapper.application; includeInIndex = 0; path = "youtube-app.app"; sourceTree = BUILT_PRODUCTS_DIR; };
		D1C46B2B24C6D5FB007519D9 /* AppDelegate.swift */ = {isa = PBXFileReference; lastKnownFileType = sourcecode.swift; path = AppDelegate.swift; sourceTree = "<group>"; };
		D1C46B2D24C6D5FB007519D9 /* SceneDelegate.swift */ = {isa = PBXFileReference; lastKnownFileType = sourcecode.swift; path = SceneDelegate.swift; sourceTree = "<group>"; };
		D1C46B2F24C6D5FB007519D9 /* ViewController.swift */ = {isa = PBXFileReference; lastKnownFileType = sourcecode.swift; path = ViewController.swift; sourceTree = "<group>"; };
		D1C46B3224C6D5FB007519D9 /* Base */ = {isa = PBXFileReference; lastKnownFileType = file.storyboard; name = Base; path = Base.lproj/Main.storyboard; sourceTree = "<group>"; };
		D1C46B3424C6D5FE007519D9 /* Assets.xcassets */ = {isa = PBXFileReference; lastKnownFileType = folder.assetcatalog; path = Assets.xcassets; sourceTree = "<group>"; };
		D1C46B3724C6D5FE007519D9 /* Base */ = {isa = PBXFileReference; lastKnownFileType = file.storyboard; name = Base; path = Base.lproj/LaunchScreen.storyboard; sourceTree = "<group>"; };
		D1C46B3924C6D5FE007519D9 /* Info.plist */ = {isa = PBXFileReference; lastKnownFileType = text.plist.xml; path = Info.plist; sourceTree = "<group>"; };
		D1C46B4124C6EF32007519D9 /* Constants.swift */ = {isa = PBXFileReference; lastKnownFileType = sourcecode.swift; path = Constants.swift; sourceTree = "<group>"; };
		D1C46B4324C7203B007519D9 /* Video.swift */ = {isa = PBXFileReference; lastKnownFileType = sourcecode.swift; path = Video.swift; sourceTree = "<group>"; };
		D1C46B4524C720AF007519D9 /* Model.swift */ = {isa = PBXFileReference; lastKnownFileType = sourcecode.swift; path = Model.swift; sourceTree = "<group>"; };
/* End PBXFileReference section */

/* Begin PBXFrameworksBuildPhase section */
		D1C46B2524C6D5FB007519D9 /* Frameworks */ = {
			isa = PBXFrameworksBuildPhase;
			buildActionMask = 2147483647;
			files = (
			);
			runOnlyForDeploymentPostprocessing = 0;
		};
/* End PBXFrameworksBuildPhase section */

/* Begin PBXGroup section */
		D1C46B1F24C6D5FB007519D9 = {
			isa = PBXGroup;
			children = (
				D1C46B2A24C6D5FB007519D9 /* youtube-app */,
				D1C46B2924C6D5FB007519D9 /* Products */,
			);
			sourceTree = "<group>";
		};
		D1C46B2924C6D5FB007519D9 /* Products */ = {
			isa = PBXGroup;
			children = (
				D1C46B2824C6D5FB007519D9 /* youtube-app.app */,
			);
			name = Products;
			sourceTree = "<group>";
		};
		D1C46B2A24C6D5FB007519D9 /* youtube-app */ = {
			isa = PBXGroup;
			children = (
				D1C46B2B24C6D5FB007519D9 /* AppDelegate.swift */,
				D1C46B2D24C6D5FB007519D9 /* SceneDelegate.swift */,
				D1C46B2F24C6D5FB007519D9 /* ViewController.swift */,
				D1C46B3124C6D5FB007519D9 /* Main.storyboard */,
				D1C46B3424C6D5FE007519D9 /* Assets.xcassets */,
				D1C46B3624C6D5FE007519D9 /* LaunchScreen.storyboard */,
				D1C46B3924C6D5FE007519D9 /* Info.plist */,
				D1C46B4124C6EF32007519D9 /* Constants.swift */,
				D1C46B4324C7203B007519D9 /* Video.swift */,
				D1C46B4524C720AF007519D9 /* Model.swift */,
			);
			path = "youtube-app";
			sourceTree = "<group>";
		};
/* End PBXGroup section */

/* Begin PBXNativeTarget section */
		D1C46B2724C6D5FB007519D9 /* youtube-app */ = {
			isa = PBXNativeTarget;
			buildConfigurationList = D1C46B3C24C6D5FE007519D9 /* Build configuration list for PBXNativeTarget "youtube-app" */;
			buildPhases = (
				D1C46B2424C6D5FB007519D9 /* Sources */,
				D1C46B2524C6D5FB007519D9 /* Frameworks */,
				D1C46B2624C6D5FB007519D9 /* Resources */,
			);
			buildRules = (
			);
			dependencies = (
			);
			name = "youtube-app";
			productName = "youtube-app";
			productReference = D1C46B2824C6D5FB007519D9 /* youtube-app.app */;
			productType = "com.apple.product-type.application";
		};
/* End PBXNativeTarget section */

/* Begin PBXProject section */
		D1C46B2024C6D5FB007519D9 /* Project object */ = {
			isa = PBXProject;
			attributes = {
				LastSwiftUpdateCheck = 1160;
				LastUpgradeCheck = 1160;
				ORGANIZATIONNAME = "Romeno Wenogk Fernando";
				TargetAttributes = {
					D1C46B2724C6D5FB007519D9 = {
						CreatedOnToolsVersion = 11.6;
					};
				};
			};
			buildConfigurationList = D1C46B2324C6D5FB007519D9 /* Build configuration list for PBXProject "youtube-app" */;
			compatibilityVersion = "Xcode 9.3";
			developmentRegion = en;
			hasScannedForEncodings = 0;
			knownRegions = (
				en,
				Base,
			);
			mainGroup = D1C46B1F24C6D5FB007519D9;
			productRefGroup = D1C46B2924C6D5FB007519D9 /* Products */;
			projectDirPath = "";
			projectRoot = "";
			targets = (
				D1C46B2724C6D5FB007519D9 /* youtube-app */,
			);
		};
/* End PBXProject section */

/* Begin PBXResourcesBuildPhase section */
		D1C46B2624C6D5FB007519D9 /* Resources */ = {
			isa = PBXResourcesBuildPhase;
			buildActionMask = 2147483647;
			files = (
				D1C46B3824C6D5FE007519D9 /* LaunchScreen.storyboard in Resources */,
				D1C46B3524C6D5FE007519D9 /* Assets.xcassets in Resources */,
				D1C46B3324C6D5FB007519D9 /* Main.storyboard in Resources */,
			);
			runOnlyForDeploymentPostprocessing = 0;
		};
/* End PBXResourcesBuildPhase section */

/* Begin PBXSourcesBuildPhase section */
		D1C46B2424C6D5FB007519D9 /* Sources */ = {
			isa = PBXSourcesBuildPhase;
			buildActionMask = 2147483647;
			files = (
				D1C46B3024C6D5FB007519D9 /* ViewController.swift in Sources */,
				D1C46B2C24C6D5FB007519D9 /* AppDelegate.swift in Sources */,
				D1C46B2E24C6D5FB007519D9 /* SceneDelegate.swift in Sources */,
				D1C46B4624C720AF007519D9 /* Model.swift in Sources */,
				D1C46B4224C6EF32007519D9 /* Constants.swift in Sources */,
				D1C46B4424C7203B007519D9 /* Video.swift in Sources */,
			);
			runOnlyForDeploymentPostprocessing = 0;
		};
/* End PBXSourcesBuildPhase section */

/* Begin PBXVariantGroup section */
		D1C46B3124C6D5FB007519D9 /* Main.storyboard */ = {
			isa = PBXVariantGroup;
			children = (
				D1C46B3224C6D5FB007519D9 /* Base */,
			);
			name = Main.storyboard;
			sourceTree = "<group>";
		};
		D1C46B3624C6D5FE007519D9 /* LaunchScreen.storyboard */ = {
			isa = PBXVariantGroup;
			children = (
				D1C46B3724C6D5FE007519D9 /* Base */,
			);
			name = LaunchScreen.storyboard;
			sourceTree = "<group>";
		};
/* End PBXVariantGroup section */

/* Begin XCBuildConfiguration section */
		D1C46B3A24C6D5FE007519D9 /* Debug */ = {
			isa = XCBuildConfiguration;
			buildSettings = {
				ALWAYS_SEARCH_USER_PATHS = NO;
				CLANG_ANALYZER_NONNULL = YES;
				CLANG_ANALYZER_NUMBER_OBJECT_CONVERSION = YES_AGGRESSIVE;
				CLANG_CXX_LANGUAGE_STANDARD = "gnu++14";
				CLANG_CXX_LIBRARY = "libc++";
				CLANG_ENABLE_MODULES = YES;
				CLANG_ENABLE_OBJC_ARC = YES;
				CLANG_ENABLE_OBJC_WEAK = YES;
				CLANG_WARN_BLOCK_CAPTURE_AUTORELEASING = YES;
				CLANG_WARN_BOOL_CONVERSION = YES;
				CLANG_WARN_COMMA = YES;
				CLANG_WARN_CONSTANT_CONVERSION = YES;
				CLANG_WARN_DEPRECATED_OBJC_IMPLEMENTATIONS = YES;
				CLANG_WARN_DIRECT_OBJC_ISA_USAGE = YES_ERROR;
				CLANG_WARN_DOCUMENTATION_COMMENTS = YES;
				CLANG_WARN_EMPTY_BODY = YES;
				CLANG_WARN_ENUM_CONVERSION = YES;
				CLANG_WARN_INFINITE_RECURSION = YES;
				CLANG_WARN_INT_CONVERSION = YES;
				CLANG_WARN_NON_LITERAL_NULL_CONVERSION = YES;
				CLANG_WARN_OBJC_IMPLICIT_RETAIN_SELF = YES;
				CLANG_WARN_OBJC_LITERAL_CONVERSION = YES;
				CLANG_WARN_OBJC_ROOT_CLASS = YES_ERROR;
				CLANG_WARN_RANGE_LOOP_ANALYSIS = YES;
				CLANG_WARN_STRICT_PROTOTYPES = YES;
				CLANG_WARN_SUSPICIOUS_MOVE = YES;
				CLANG_WARN_UNGUARDED_AVAILABILITY = YES_AGGRESSIVE;
				CLANG_WARN_UNREACHABLE_CODE = YES;
				CLANG_WARN__DUPLICATE_METHOD_MATCH = YES;
				COPY_PHASE_STRIP = NO;
				DEBUG_INFORMATION_FORMAT = dwarf;
				ENABLE_STRICT_OBJC_MSGSEND = YES;
				ENABLE_TESTABILITY = YES;
				GCC_C_LANGUAGE_STANDARD = gnu11;
				GCC_DYNAMIC_NO_PIC = NO;
				GCC_NO_COMMON_BLOCKS = YES;
				GCC_OPTIMIZATION_LEVEL = 0;
				GCC_PREPROCESSOR_DEFINITIONS = (
					"DEBUG=1",
					"$(inherited)",
				);
				GCC_WARN_64_TO_32_BIT_CONVERSION = YES;
				GCC_WARN_ABOUT_RETURN_TYPE = YES_ERROR;
				GCC_WARN_UNDECLARED_SELECTOR = YES;
				GCC_WARN_UNINITIALIZED_AUTOS = YES_AGGRESSIVE;
				GCC_WARN_UNUSED_FUNCTION = YES;
				GCC_WARN_UNUSED_VARIABLE = YES;
				IPHONEOS_DEPLOYMENT_TARGET = 13.6;
				MTL_ENABLE_DEBUG_INFO = INCLUDE_SOURCE;
				MTL_FAST_MATH = YES;
				ONLY_ACTIVE_ARCH = YES;
				SDKROOT = iphoneos;
				SWIFT_ACTIVE_COMPILATION_CONDITIONS = DEBUG;
				SWIFT_OPTIMIZATION_LEVEL = "-Onone";
			};
			name = Debug;
		};
		D1C46B3B24C6D5FE007519D9 /* Release */ = {
			isa = XCBuildConfiguration;
			buildSettings = {
				ALWAYS_SEARCH_USER_PATHS = NO;
				CLANG_ANALYZER_NONNULL = YES;
				CLANG_ANALYZER_NUMBER_OBJECT_CONVERSION = YES_AGGRESSIVE;
				CLANG_CXX_LANGUAGE_STANDARD = "gnu++14";
				CLANG_CXX_LIBRARY = "libc++";
				CLANG_ENABLE_MODULES = YES;
				CLANG_ENABLE_OBJC_ARC = YES;
				CLANG_ENABLE_OBJC_WEAK = YES;
				CLANG_WARN_BLOCK_CAPTURE_AUTORELEASING = YES;
				CLANG_WARN_BOOL_CONVERSION = YES;
				CLANG_WARN_COMMA = YES;
				CLANG_WARN_CONSTANT_CONVERSION = YES;
				CLANG_WARN_DEPRECATED_OBJC_IMPLEMENTATIONS = YES;
				CLANG_WARN_DIRECT_OBJC_ISA_USAGE = YES_ERROR;
				CLANG_WARN_DOCUMENTATION_COMMENTS = YES;
				CLANG_WARN_EMPTY_BODY = YES;
				CLANG_WARN_ENUM_CONVERSION = YES;
				CLANG_WARN_INFINITE_RECURSION = YES;
				CLANG_WARN_INT_CONVERSION = YES;
				CLANG_WARN_NON_LITERAL_NULL_CONVERSION = YES;
				CLANG_WARN_OBJC_IMPLICIT_RETAIN_SELF = YES;
				CLANG_WARN_OBJC_LITERAL_CONVERSION = YES;
				CLANG_WARN_OBJC_ROOT_CLASS = YES_ERROR;
				CLANG_WARN_RANGE_LOOP_ANALYSIS = YES;
				CLANG_WARN_STRICT_PROTOTYPES = YES;
				CLANG_WARN_SUSPICIOUS_MOVE = YES;
				CLANG_WARN_UNGUARDED_AVAILABILITY = YES_AGGRESSIVE;
				CLANG_WARN_UNREACHABLE_CODE = YES;
				CLANG_WARN__DUPLICATE_METHOD_MATCH = YES;
				COPY_PHASE_STRIP = NO;
				DEBUG_INFORMATION_FORMAT = "dwarf-with-dsym";
				ENABLE_NS_ASSERTIONS = NO;
				ENABLE_STRICT_OBJC_MSGSEND = YES;
				GCC_C_LANGUAGE_STANDARD = gnu11;
				GCC_NO_COMMON_BLOCKS = YES;
				GCC_WARN_64_TO_32_BIT_CONVERSION = YES;
				GCC_WARN_ABOUT_RETURN_TYPE = YES_ERROR;
				GCC_WARN_UNDECLARED_SELECTOR = YES;
				GCC_WARN_UNINITIALIZED_AUTOS = YES_AGGRESSIVE;
				GCC_WARN_UNUSED_FUNCTION = YES;
				GCC_WARN_UNUSED_VARIABLE = YES;
				IPHONEOS_DEPLOYMENT_TARGET = 13.6;
				MTL_ENABLE_DEBUG_INFO = NO;
				MTL_FAST_MATH = YES;
				SDKROOT = iphoneos;
				SWIFT_COMPILATION_MODE = wholemodule;
				SWIFT_OPTIMIZATION_LEVEL = "-O";
				VALIDATE_PRODUCT = YES;
			};
			name = Release;
		};
		D1C46B3D24C6D5FE007519D9 /* Debug */ = {
			isa = XCBuildConfiguration;
			buildSettings = {
				ASSETCATALOG_COMPILER_APPICON_NAME = AppIcon;
				CODE_SIGN_STYLE = Automatic;
				INFOPLIST_FILE = "youtube-app/Info.plist";
				LD_RUNPATH_SEARCH_PATHS = (
					"$(inherited)",
					"@executable_path/Frameworks",
				);
				PRODUCT_BUNDLE_IDENTIFIER = "com.wenogk.youtube-app";
				PRODUCT_NAME = "$(TARGET_NAME)";
				SWIFT_VERSION = 5.0;
				TARGETED_DEVICE_FAMILY = "1,2";
			};
			name = Debug;
		};
		D1C46B3E24C6D5FE007519D9 /* Release */ = {
			isa = XCBuildConfiguration;
			buildSettings = {
				ASSETCATALOG_COMPILER_APPICON_NAME = AppIcon;
				CODE_SIGN_STYLE = Automatic;
				INFOPLIST_FILE = "youtube-app/Info.plist";
				LD_RUNPATH_SEARCH_PATHS = (
					"$(inherited)",
					"@executable_path/Frameworks",
				);
				PRODUCT_BUNDLE_IDENTIFIER = "com.wenogk.youtube-app";
				PRODUCT_NAME = "$(TARGET_NAME)";
				SWIFT_VERSION = 5.0;
				TARGETED_DEVICE_FAMILY = "1,2";
			};
			name = Release;
		};
/* End XCBuildConfiguration section */

/* Begin XCConfigurationList section */
		D1C46B2324C6D5FB007519D9 /* Build configuration list for PBXProject "youtube-app" */ = {
			isa = XCConfigurationList;
			buildConfigurations = (
				D1C46B3A24C6D5FE007519D9 /* Debug */,
				D1C46B3B24C6D5FE007519D9 /* Release */,
			);
			defaultConfigurationIsVisible = 0;
			defaultConfigurationName = Release;
		};
		D1C46B3C24C6D5FE007519D9 /* Build configuration list for PBXNativeTarget "youtube-app" */ = {
			isa = XCConfigurationList;
			buildConfigurations = (
				D1C46B3D24C6D5FE007519D9 /* Debug */,
				D1C46B3E24C6D5FE007519D9 /* Release */,
			);
			defaultConfigurationIsVisible = 0;
			defaultConfigurationName = Release;
		};
/* End XCConfigurationList section */
	};
	rootObject = D1C46B2024C6D5FB007519D9 /* Project object */;
}
